
Microsoft Visual Studio Solution File, Format Version 12.00
# Visual Studio Version 17
VisualStudioVersion = 17.5.2.0
MinimumVisualStudioVersion = 10.0.40219.1
Project("{2150E333-8FDC-42A3-9474-1A3956D46DE8}") = "IoTBackend", "IoTBackend", "{53466486-63B1-BA0C-88AC-46C7282AA770}"
EndProject
Project("{FAE04EC0-301F-11D3-BF4B-00C04F79EFBC}") = "Functions", "IoTBackend\Functions\Functions.csproj", "{5733CCDE-CBF2-DF98-BAF7-5E81F49E10EA}"
EndProject
Project("{2150E333-8FDC-42A3-9474-1A3956D46DE8}") = "Functions (1)", "Functions (1)", "{56580753-020E-E9E9-B473-31C2DF55283B}"
EndProject
Project("{2150E333-8FDC-42A3-9474-1A3956D46DE8}") = "obj", "obj", "{9693AD86-1CEE-DF7A-467D-CD1D9F5DC9B5}"
EndProject
Project("{2150E333-8FDC-42A3-9474-1A3956D46DE8}") = "Debug", "Debug", "{29EFAB7C-B272-8077-4CC8-D0AF3BD16E1E}"
EndProject
Project("{2150E333-8FDC-42A3-9474-1A3956D46DE8}") = "net10.0", "net10.0", "{F3B88BC5-AB16-64B5-B8F6-B56A4F12C380}"
EndProject
Project("{FAE04EC0-301F-11D3-BF4B-00C04F79EFBC}") = "WorkerExtensions", "IoTBackend\Functions\obj\Debug\net10.0\WorkerExtensions\WorkerExtensions.csproj", "{39333B56-EF67-D153-B2DB-144A955D19D8}"
EndProject
Project("{2150E333-8FDC-42A3-9474-1A3956D46DE8}") = "Shared", "Shared", "{69E45B02-3E43-B734-1A4C-D5CF0CEE6924}"
EndProject
Project("{FAE04EC0-301F-11D3-BF4B-00C04F79EFBC}") = "IoTBackend.Shared", "IoTBackend\Shared\IoTBackend.Shared.csproj", "{9623C0A4-F489-4C83-8976-76238F6223EB}"
EndProject
Project("{E53339B2-1760-4266-BCC5-C82EC3FD7B34}") = "docker-compose", "docker-compose.dcproj", "{A1B2C3D4-E5F6-4A5B-8C9D-0E1F2A3B4C5E}"
EndProject
Global
	GlobalSection(SolutionConfigurationPlatforms) = preSolution
		Debug|Any CPU = Debug|Any CPU
		Debug|x64 = Debug|x64
		Debug|x86 = Debug|x86
		Release|Any CPU = Release|Any CPU
		Release|x64 = Release|x64
		Release|x86 = Release|x86
	EndGlobalSection
	GlobalSection(ProjectConfigurationPlatforms) = postSolution
		{5733CCDE-CBF2-DF98-BAF7-5E81F49E10EA}.Debug|Any CPU.ActiveCfg = Debug|Any CPU
		{5733CCDE-CBF2-DF98-BAF7-5E81F49E10EA}.Debug|Any CPU.Build.0 = Debug|Any CPU
		{5733CCDE-CBF2-DF98-BAF7-5E81F49E10EA}.Debug|x64.ActiveCfg = Debug|Any CPU
		{5733CCDE-CBF2-DF98-BAF7-5E81F49E10EA}.Debug|x64.Build.0 = Debug|Any CPU
		{5733CCDE-CBF2-DF98-BAF7-5E81F49E10EA}.Debug|x86.ActiveCfg = Debug|Any CPU
		{5733CCDE-CBF2-DF98-BAF7-5E81F49E10EA}.Debug|x86.Build.0 = Debug|Any CPU
		{5733CCDE-CBF2-DF98-BAF7-5E81F49E10EA}.Release|Any CPU.ActiveCfg = Release|Any CPU
		{5733CCDE-CBF2-DF98-BAF7-5E81F49E10EA}.Release|Any CPU.Build.0 = Release|Any CPU
		{5733CCDE-CBF2-DF98-BAF7-5E81F49E10EA}.Release|x64.ActiveCfg = Release|Any CPU
		{5733CCDE-CBF2-DF98-BAF7-5E81F49E10EA}.Release|x64.Build.0 = Release|Any CPU
		{5733CCDE-CBF2-DF98-BAF7-5E81F49E10EA}.Release|x86.ActiveCfg = Release|Any CPU
		{5733CCDE-CBF2-DF98-BAF7-5E81F49E10EA}.Release|x86.Build.0 = Release|Any CPU
		{39333B56-EF67-D153-B2DB-144A955D19D8}.Debug|Any CPU.ActiveCfg = Debug|Any CPU
		{39333B56-EF67-D153-B2DB-144A955D19D8}.Debug|Any CPU.Build.0 = Debug|Any CPU
		{39333B56-EF67-D153-B2DB-144A955D19D8}.Debug|x64.ActiveCfg = Debug|Any CPU
		{39333B56-EF67-D153-B2DB-144A955D19D8}.Debug|x64.Build.0 = Debug|Any CPU
		{39333B56-EF67-D153-B2DB-144A955D19D8}.Debug|x86.ActiveCfg = Debug|Any CPU
		{39333B56-EF67-D153-B2DB-144A955D19D8}.Debug|x86.Build.0 = Debug|Any CPU
		{39333B56-EF67-D153-B2DB-144A955D19D8}.Release|Any CPU.ActiveCfg = Release|Any CPU
		{39333B56-EF67-D153-B2DB-144A955D19D8}.Release|Any CPU.Build.0 = Release|Any CPU
		{39333B56-EF67-D153-B2DB-144A955D19D8}.Release|x64.ActiveCfg = Release|Any CPU
		{39333B56-EF67-D153-B2DB-144A955D19D8}.Release|x64.Build.0 = Release|Any CPU
		{39333B56-EF67-D153-B2DB-144A955D19D8}.Release|x86.ActiveCfg = Release|Any CPU
		{39333B56-EF67-D153-B2DB-144A955D19D8}.Release|x86.Build.0 = Release|Any CPU
		{9623C0A4-F489-4C83-8976-76238F6223EB}.Debug|Any CPU.ActiveCfg = Debug|Any CPU
		{9623C0A4-F489-4C83-8976-76238F6223EB}.Debug|Any CPU.Build.0 = Debug|Any CPU
		{9623C0A4-F489-4C83-8976-76238F6223EB}.Debug|x64.ActiveCfg = Debug|Any CPU
		{9623C0A4-F489-4C83-8976-76238F6223EB}.Debug|x64.Build.0 = Debug|Any CPU
		{9623C0A4-F489-4C83-8976-76238F6223EB}.Debug|x86.ActiveCfg = Debug|Any CPU
		{9623C0A4-F489-4C83-8976-76238F6223EB}.Debug|x86.Build.0 = Debug|Any CPU
		{9623C0A4-F489-4C83-8976-76238F6223EB}.Release|Any CPU.ActiveCfg = Release|Any CPU
		{9623C0A4-F489-4C83-8976-76238F6223EB}.Release|Any CPU.Build.0 = Release|Any CPU
		{9623C0A4-F489-4C83-8976-76238F6223EB}.Release|x64.ActiveCfg = Release|Any CPU
		{9623C0A4-F489-4C83-8976-76238F6223EB}.Release|x64.Build.0 = Release|Any CPU
		{9623C0A4-F489-4C83-8976-76238F6223EB}.Release|x86.ActiveCfg = Release|Any CPU
		{9623C0A4-F489-4C83-8976-76238F6223EB}.Release|x86.Build.0 = Release|Any CPU
		{A1B2C3D4-E5F6-4A5B-8C9D-0E1F2A3B4C5E}.Debug|Any CPU.ActiveCfg = Debug|Any CPU
		{A1B2C3D4-E5F6-4A5B-8C9D-0E1F2A3B4C5E}.Debug|Any CPU.Build.0 = Debug|Any CPU
		{A1B2C3D4-E5F6-4A5B-8C9D-0E1F2A3B4C5E}.Release|Any CPU.ActiveCfg = Debug|Any CPU
		{A1B2C3D4-E5F6-4A5B-8C9D-0E1F2A3B4C5E}.Release|Any CPU.Build.0 = Debug|Any CPU
	EndGlobalSection
	GlobalSection(SolutionProperties) = preSolution
		HideSolutionNode = FALSE
	EndGlobalSection
	GlobalSection(NestedProjects) = preSolution
		{5733CCDE-CBF2-DF98-BAF7-5E81F49E10EA} = {53466486-63B1-BA0C-88AC-46C7282AA770}
		{56580753-020E-E9E9-B473-31C2DF55283B} = {53466486-63B1-BA0C-88AC-46C7282AA770}
		{9693AD86-1CEE-DF7A-467D-CD1D9F5DC9B5} = {56580753-020E-E9E9-B473-31C2DF55283B}
		{29EFAB7C-B272-8077-4CC8-D0AF3BD16E1E} = {9693AD86-1CEE-DF7A-467D-CD1D9F5DC9B5}
		{F3B88BC5-AB16-64B5-B8F6-B56A4F12C380} = {29EFAB7C-B272-8077-4CC8-D0AF3BD16E1E}
		{39333B56-EF67-D153-B2DB-144A955D19D8} = {F3B88BC5-AB16-64B5-B8F6-B56A4F12C380}
		{69E45B02-3E43-B734-1A4C-D5CF0CEE6924} = {53466486-63B1-BA0C-88AC-46C7282AA770}
		{9623C0A4-F489-4C83-8976-76238F6223EB} = {69E45B02-3E43-B734-1A4C-D5CF0CEE6924}
	EndGlobalSection
	GlobalSection(ExtensibilityGlobals) = postSolution
		SolutionGuid = {D9F49193-CFFB-4FFA-982F-7A088AFBD21A}
	EndGlobalSection
EndGlobal
