<Solution>
  <Folder Name="/Functions/">
    <Project Path="Functions/Functions.csproj" Id="1e9d2dc7-3d59-4863-8997-de2f3c861d0c" />
  </Folder>
  <Folder Name="/Shared/">
    <Project Path="Shared/IoTBackend.Shared.csproj" Id="a8f4e2b1-9c3d-4e5f-a6b7-8c9d0e1f2a3b" />
  </Folder>
  <Folder Name="/Docker/">
    <Project Path="../docker-compose.dcproj" Id="a1b2c3d4-e5f6-4a5b-8c9d-0e1f2a3b4c5e">
      <Build />
    </Project>
  </Folder>
</Solution>
